        "@babel/helper-plugin-utils": "^7.18.6",
        "@babel/plugin-syntax-dynamic-import": "^7.8.3"
      }
    },
    "@babel/plugin-proposal-export-namespace-from": {
      "version": "7.18.9",
      "resolved": "https://registry.npmjs.org/@babel/plugin-proposal-export-namespace-from/-/plugin-proposal-export-namespace-from-7.18.9.tgz",
      "integrity": "sha512-k1NtHyOMvlDDFeb9G5PhUXuGj8m/wiwojgQVEhJ/fsVsMCpLyOP4h0uGEjYJKrRI+EVPlb5Jk+Gt9P97lOGwtA==",
      "dev": true,
      "requires": {
        "@babel/helper-plugin-utils": "^7.18.9",
        "@babel/plugin-syntax-export-namespace-from": "^7.8.3"
      }
    },
    "@babel/plugin-proposal-json-strings": {
      "version": "7.18.6",
      "resolved": "https://registry.npmjs.org/@babel/plugin-proposal-json-strings/-/plugin-proposal-json-strings-7.18.6.tgz",
      "integrity": "sha512-lr1peyn9kOdbYc0xr0OdHTZ5FMqS6Di+H0Fz2I/JwMzGmzJETNeOFq2pBySw6X/KFL5EWDjlJuMsUGRFb8fQgQ==",
      "dev": true,
      "requires": {
        "@babel/helper-plugin-utils": "^7.18.6",
        "@babel/plugin-syntax-json-strings": "^7.8.3"
      }
    },
    "@babel/plugin-proposal-logical-assignment-operators": {
    
